
Microsoft Visual Studio Solution File, Format Version 11.00
# Visual Studio 2010
Project("{FAE04EC0-301F-11D3-BF4B-00C04F79EFBC}") = "CongestionCharge", "CongestionCharge\CongestionCharge.csproj", "{B83948B7-4B88-47F4-A5C2-642BFAFF3BB5}"
EndProject
Project("{FAE04EC0-301F-11D3-BF4B-00C04F79EFBC}") = "CongestionChargeApp", "CongestionChargeApp\CongestionChargeApp.csproj", "{BABCD755-524F-466B-886D-403587F0DF5C}"
EndProject
Global
	GlobalSection(SolutionConfigurationPlatforms) = preSolution
		Debug|Any CPU = Debug|Any CPU
		Debug|Mixed Platforms = Debug|Mixed Platforms
		Debug|x86 = Debug|x86
		Release|Any CPU = Release|Any CPU
		Release|Mixed Platforms = Release|Mixed Platforms
		Release|x86 = Release|x86
	EndGlobalSection
	GlobalSection(ProjectConfigurationPlatforms) = postSolution
		{B83948B7-4B88-47F4-A5C2-642BFAFF3BB5}.Debug|Any CPU.ActiveCfg = Debug|Any CPU
		{B83948B7-4B88-47F4-A5C2-642BFAFF3BB5}.Debug|Any CPU.Build.0 = Debug|Any CPU
		{B83948B7-4B88-47F4-A5C2-642BFAFF3BB5}.Debug|Mixed Platforms.ActiveCfg = Debug|Any CPU
		{B83948B7-4B88-47F4-A5C2-642BFAFF3BB5}.Debug|Mixed Platforms.Build.0 = Debug|Any CPU
		{B83948B7-4B88-47F4-A5C2-642BFAFF3BB5}.Debug|x86.ActiveCfg = Debug|Any CPU
		{B83948B7-4B88-47F4-A5C2-642BFAFF3BB5}.Release|Any CPU.ActiveCfg = Release|Any CPU
		{B83948B7-4B88-47F4-A5C2-642BFAFF3BB5}.Release|Any CPU.Build.0 = Release|Any CPU
		{B83948B7-4B88-47F4-A5C2-642BFAFF3BB5}.Release|Mixed Platforms.ActiveCfg = Release|Any CPU
		{B83948B7-4B88-47F4-A5C2-642BFAFF3BB5}.Release|Mixed Platforms.Build.0 = Release|Any CPU
		{B83948B7-4B88-47F4-A5C2-642BFAFF3BB5}.Release|x86.ActiveCfg = Release|Any CPU
		{BABCD755-524F-466B-886D-403587F0DF5C}.Debug|Any CPU.ActiveCfg = Debug|x86
		{BABCD755-524F-466B-886D-403587F0DF5C}.Debug|Mixed Platforms.ActiveCfg = Debug|x86
		{BABCD755-524F-466B-886D-403587F0DF5C}.Debug|Mixed Platforms.Build.0 = Debug|x86
		{BABCD755-524F-466B-886D-403587F0DF5C}.Debug|x86.ActiveCfg = Debug|x86
		{BABCD755-524F-466B-886D-403587F0DF5C}.Debug|x86.Build.0 = Debug|x86
		{BABCD755-524F-466B-886D-403587F0DF5C}.Release|Any CPU.ActiveCfg = Release|x86
		{BABCD755-524F-466B-886D-403587F0DF5C}.Release|Mixed Platforms.ActiveCfg = Release|x86
		{BABCD755-524F-466B-886D-403587F0DF5C}.Release|Mixed Platforms.Build.0 = Release|x86
		{BABCD755-524F-466B-886D-403587F0DF5C}.Release|x86.ActiveCfg = Release|x86
		{BABCD755-524F-466B-886D-403587F0DF5C}.Release|x86.Build.0 = Release|x86
	EndGlobalSection
	GlobalSection(SolutionProperties) = preSolution
		HideSolutionNode = FALSE
	EndGlobalSection
EndGlobal
